
Microsoft Visual Studio Solution File, Format Version 12.00
# Visual Studio Version 17
VisualStudioVersion = 17.14.36202.13
MinimumVisualStudioVersion = 10.0.40219.1
Project("{FAE04EC0-301F-11D3-BF4B-00C04F79EFBC}") = "SmartJobTracker.API", "SmartJobTracker.API\SmartJobTracker.API.csproj", "{21E7C255-083D-47CF-9FCE-D4B4D900A855}"
EndProject
Project("{FAE04EC0-301F-11D3-BF4B-00C04F79EFBC}") = "SmartJobTracker.Tests", "SmartJobTracker.Tests\SmartJobTracker.Tests.csproj", "{B63731DA-326A-412C-90EB-CD5E2B5C4E52}"
EndProject
Global
	GlobalSection(SolutionConfigurationPlatforms) = preSolution
		Debug|Any CPU = Debug|Any CPU
		Release|Any CPU = Release|Any CPU
	EndGlobalSection
	GlobalSection(ProjectConfigurationPlatforms) = postSolution
		{21E7C255-083D-47CF-9FCE-D4B4D900A855}.Debug|Any CPU.ActiveCfg = Debug|Any CPU
		{21E7C255-083D-47CF-9FCE-D4B4D900A855}.Debug|Any CPU.Build.0 = Debug|Any CPU
		{21E7C255-083D-47CF-9FCE-D4B4D900A855}.Release|Any CPU.ActiveCfg = Release|Any CPU
		{21E7C255-083D-47CF-9FCE-D4B4D900A855}.Release|Any CPU.Build.0 = Release|Any CPU
		{B63731DA-326A-412C-90EB-CD5E2B5C4E52}.Debug|Any CPU.ActiveCfg = Debug|Any CPU
		{B63731DA-326A-412C-90EB-CD5E2B5C4E52}.Debug|Any CPU.Build.0 = Debug|Any CPU
		{B63731DA-326A-412C-90EB-CD5E2B5C4E52}.Release|Any CPU.ActiveCfg = Release|Any CPU
		{B63731DA-326A-412C-90EB-CD5E2B5C4E52}.Release|Any CPU.Build.0 = Release|Any CPU
	EndGlobalSection
	GlobalSection(SolutionProperties) = preSolution
		HideSolutionNode = FALSE
	EndGlobalSection
	GlobalSection(ExtensibilityGlobals) = postSolution
		SolutionGuid = {78B490D9-7A0E-4367-9E6A-F0E565D98FC4}
	EndGlobalSection
EndGlobal
